
Microsoft Visual Studio Solution File, Format Version 12.00
# Visual Studio Version 16
VisualStudioVersion = 16.0.31129.286
MinimumVisualStudioVersion = 10.0.40219.1
Project("{FAE04EC0-301F-11D3-BF4B-00C04F79EFBC}") = "ProductsDemoRazorPages", "ProductsDemoRazorPages\ProductsDemoRazorPages.csproj", "{B74AE55F-B9E9-43FD-A97F-2D8DAC0DD4DB}"
EndProject
Project("{FAE04EC0-301F-11D3-BF4B-00C04F79EFBC}") = "ProductDetails.Models", "ProductDetails.Models\ProductDetails.Models.csproj", "{BE0CDC32-4485-47BD-AB0D-7442D5085815}"
EndProject
Project("{FAE04EC0-301F-11D3-BF4B-00C04F79EFBC}") = "ProductDetails.Services", "ProductDetails.Services\ProductDetails.Services.csproj", "{6464218A-8843-4429-8765-8BFB441A8F88}"
EndProject
Global
	GlobalSection(SolutionConfigurationPlatforms) = preSolution
		Debug|Any CPU = Debug|Any CPU
		Release|Any CPU = Release|Any CPU
	EndGlobalSection
	GlobalSection(ProjectConfigurationPlatforms) = postSolution
		{B74AE55F-B9E9-43FD-A97F-2D8DAC0DD4DB}.Debug|Any CPU.ActiveCfg = Debug|Any CPU
		{B74AE55F-B9E9-43FD-A97F-2D8DAC0DD4DB}.Debug|Any CPU.Build.0 = Debug|Any CPU
		{B74AE55F-B9E9-43FD-A97F-2D8DAC0DD4DB}.Release|Any CPU.ActiveCfg = Release|Any CPU
		{B74AE55F-B9E9-43FD-A97F-2D8DAC0DD4DB}.Release|Any CPU.Build.0 = Release|Any CPU
		{BE0CDC32-4485-47BD-AB0D-7442D5085815}.Debug|Any CPU.ActiveCfg = Debug|Any CPU
		{BE0CDC32-4485-47BD-AB0D-7442D5085815}.Debug|Any CPU.Build.0 = Debug|Any CPU
		{BE0CDC32-4485-47BD-AB0D-7442D5085815}.Release|Any CPU.ActiveCfg = Release|Any CPU
		{BE0CDC32-4485-47BD-AB0D-7442D5085815}.Release|Any CPU.Build.0 = Release|Any CPU
		{6464218A-8843-4429-8765-8BFB441A8F88}.Debug|Any CPU.ActiveCfg = Debug|Any CPU
		{6464218A-8843-4429-8765-8BFB441A8F88}.Debug|Any CPU.Build.0 = Debug|Any CPU
		{6464218A-8843-4429-8765-8BFB441A8F88}.Release|Any CPU.ActiveCfg = Release|Any CPU
		{6464218A-8843-4429-8765-8BFB441A8F88}.Release|Any CPU.Build.0 = Release|Any CPU
	EndGlobalSection
	GlobalSection(SolutionProperties) = preSolution
		HideSolutionNode = FALSE
	EndGlobalSection
	GlobalSection(ExtensibilityGlobals) = postSolution
		SolutionGuid = {36504400-A987-4683-BE74-F523FDA34372}
	EndGlobalSection
EndGlobal
